version = 1
revision = 2
requires-python = ">=3.13"

[[package]]
name = "numpy"
version = "2.3.1"
source = { registry = "https://pypi.org/simple" }
sdist = { url = "https://files.pythonhosted.org/packages/2e/19/d7c972dfe90a353dbd3efbbe1d14a5951de80c99c9dc1b93cd998d51dc0f/numpy-2.3.1.tar.gz", hash = "sha256:1ec9ae20a4226da374362cca3c62cd753faf2f951440b0e3b98e93c235441d2b", size = 20390372, upload-time = "2025-06-21T12:28:33.469Z" }
wheels = [
    { url = "https://files.pythonhosted.org/packages/d4/bd/35ad97006d8abff8631293f8ea6adf07b0108ce6fec68da3c3fcca1197f2/numpy-2.3.1-cp313-cp313-macosx_10_13_x86_64.whl", hash = "sha256:25a1992b0a3fdcdaec9f552ef10d8103186f5397ab45e2d25f8ac51b1a6b97e8", size = 20889381, upload-time = "2025-06-21T12:19:04.103Z" },
    { url = "https://files.pythonhosted.org/packages/f1/4f/df5923874d8095b6062495b39729178eef4a922119cee32a12ee1bd4664c/numpy-2.3.1-cp313-cp313-macosx_11_0_arm64.whl", hash = "sha256:7dea630156d39b02a63c18f508f85010230409db5b2927ba59c8ba4ab3e8272e", size = 14152726, upload-time = "2025-06-21T12:19:25.599Z" },
    { url = "https://files.pythonhosted.org/packages/8c/0f/a1f269b125806212a876f7efb049b06c6f8772cf0121139f97774cd95626/numpy-2.3.1-cp313-cp313-macosx_14_0_arm64.whl", hash = "sha256:bada6058dd886061f10ea15f230ccf7dfff40572e99fef440a4a857c8728c9c0", size = 5105145, upload-time = "2025-06-21T12:19:34.782Z" },
    { url = "https://files.pythonhosted.org/packages/6d/63/a7f7fd5f375b0361682f6ffbf686787e82b7bbd561268e4f30afad2bb3c0/numpy-2.3.1-cp313-cp313-macosx_14_0_x86_64.whl", hash = "sha256:a894f3816eb17b29e4783e5873f92faf55b710c2519e5c351767c51f79d8526d", size = 6639409, upload-time = "2025-06-21T12:19:45.228Z" },
    { url = "https://files.pythonhosted.org/packages/bf/0d/1854a4121af895aab383f4aa233748f1df4671ef331d898e32426756a8a6/numpy-2.3.1-cp313-cp313-manylinux_2_28_aarch64.whl", hash = "sha256:18703df6c4a4fee55fd3d6e5a253d01c5d33a295409b03fda0c86b3ca2ff41a1", size = 14257630, upload-time = "2025-06-21T12:20:06.544Z" },
    { url = "https://files.pythonhosted.org/packages/50/30/af1b277b443f2fb08acf1c55ce9d68ee540043f158630d62cef012750f9f/numpy-2.3.1-cp313-cp313-manylinux_2_28_x86_64.whl", hash = "sha256:5902660491bd7a48b2ec16c23ccb9124b8abfd9583c5fdfa123fe6b421e03de1", size = 16627546, upload-time = "2025-06-21T12:20:31.002Z" },
    { url = "https://files.pythonhosted.org/packages/6e/ec/3b68220c277e463095342d254c61be8144c31208db18d3fd8ef02712bcd6/numpy-2.3.1-cp313-cp313-musllinux_1_2_aarch64.whl", hash = "sha256:36890eb9e9d2081137bd78d29050ba63b8dab95dff7912eadf1185e80074b2a0", size = 15562538, upload-time = "2025-06-21T12:20:54.322Z" },
    { url = "https://files.pythonhosted.org/packages/77/2b/4014f2bcc4404484021c74d4c5ee8eb3de7e3f7ac75f06672f8dcf85140a/numpy-2.3.1-cp313-cp313-musllinux_1_2_x86_64.whl", hash = "sha256:a780033466159c2270531e2b8ac063704592a0bc62ec4a1b991c7c40705eb0e8", size = 18360327, upload-time = "2025-06-21T12:21:21.053Z" },
    { url = "https://files.pythonhosted.org/packages/40/8d/2ddd6c9b30fcf920837b8672f6c65590c7d92e43084c25fc65edc22e93ca/numpy-2.3.1-cp313-cp313-win32.whl", hash = "sha256:39bff12c076812595c3a306f22bfe49919c5513aa1e0e70fac756a0be7c2a2b8", size = 6312330, upload-time = "2025-06-21T12:25:07.447Z" },
    { url = "https://files.pythonhosted.org/packages/dd/c8/beaba449925988d415efccb45bf977ff8327a02f655090627318f6398c7b/numpy-2.3.1-cp313-cp313-win_amd64.whl", hash = "sha256:8d5ee6eec45f08ce507a6570e06f2f879b374a552087a4179ea7838edbcbfa42", size = 12731565, upload-time = "2025-06-21T12:25:26.444Z" },
    { url = "https://files.pythonhosted.org/packages/0b/c3/5c0c575d7ec78c1126998071f58facfc124006635da75b090805e642c62e/numpy-2.3.1-cp313-cp313-win_arm64.whl", hash = "sha256:0c4d9e0a8368db90f93bd192bfa771ace63137c3488d198ee21dfb8e7771916e", size = 10190262, upload-time = "2025-06-21T12:25:42.196Z" },
    { url = "https://files.pythonhosted.org/packages/ea/19/a029cd335cf72f79d2644dcfc22d90f09caa86265cbbde3b5702ccef6890/numpy-2.3.1-cp313-cp313t-macosx_10_13_x86_64.whl", hash = "sha256:b0b5397374f32ec0649dd98c652a1798192042e715df918c20672c62fb52d4b8", size = 20987593, upload-time = "2025-06-21T12:21:51.664Z" },
    { url = "https://files.pythonhosted.org/packages/25/91/8ea8894406209107d9ce19b66314194675d31761fe2cb3c84fe2eeae2f37/numpy-2.3.1-cp313-cp313t-macosx_11_0_arm64.whl", hash = "sha256:c5bdf2015ccfcee8253fb8be695516ac4457c743473a43290fd36eba6a1777eb", size = 14300523, upload-time = "2025-06-21T12:22:13.583Z" },
    { url = "https://files.pythonhosted.org/packages/a6/7f/06187b0066eefc9e7ce77d5f2ddb4e314a55220ad62dd0bfc9f2c44bac14/numpy-2.3.1-cp313-cp313t-macosx_14_0_arm64.whl", hash = "sha256:d70f20df7f08b90a2062c1f07737dd340adccf2068d0f1b9b3d56e2038979fee", size = 5227993, upload-time = "2025-06-21T12:22:22.53Z" },
    { url = "https://files.pythonhosted.org/packages/e8/ec/a926c293c605fa75e9cfb09f1e4840098ed46d2edaa6e2152ee35dc01ed3/numpy-2.3.1-cp313-cp313t-macosx_14_0_x86_64.whl", hash = "sha256:2fb86b7e58f9ac50e1e9dd1290154107e47d1eef23a0ae9145ded06ea606f992", size = 6736652, upload-time = "2025-06-21T12:22:33.629Z" },
    { url = "https://files.pythonhosted.org/packages/e3/62/d68e52fb6fde5586650d4c0ce0b05ff3a48ad4df4ffd1b8866479d1d671d/numpy-2.3.1-cp313-cp313t-manylinux_2_28_aarch64.whl", hash = "sha256:23ab05b2d241f76cb883ce8b9a93a680752fbfcbd51c50eff0b88b979e471d8c", size = 14331561, upload-time = "2025-06-21T12:22:55.056Z" },
    { url = "https://files.pythonhosted.org/packages/fc/ec/b74d3f2430960044bdad6900d9f5edc2dc0fb8bf5a0be0f65287bf2cbe27/numpy-2.3.1-cp313-cp313t-manylinux_2_28_x86_64.whl", hash = "sha256:ce2ce9e5de4703a673e705183f64fd5da5bf36e7beddcb63a25ee2286e71ca48", size = 16693349, upload-time = "2025-06-21T12:23:20.53Z" },
    { url = "https://files.pythonhosted.org/packages/0d/15/def96774b9d7eb198ddadfcbd20281b20ebb510580419197e225f5c55c3e/numpy-2.3.1-cp313-cp313t-musllinux_1_2_aarch64.whl", hash = "sha256:c4913079974eeb5c16ccfd2b1f09354b8fed7e0d6f2cab933104a09a6419b1ee", size = 15642053, upload-time = "2025-06-21T12:23:43.697Z" },
    { url = "https://files.pythonhosted.org/packages/2b/57/c3203974762a759540c6ae71d0ea2341c1fa41d84e4971a8e76d7141678a/numpy-2.3.1-cp313-cp313t-musllinux_1_2_x86_64.whl", hash = "sha256:010ce9b4f00d5c036053ca684c77441f2f2c934fd23bee058b4d6f196efd8280", size = 18434184, upload-time = "2025-06-21T12:24:10.708Z" },
    { url = "https://files.pythonhosted.org/packages/22/8a/ccdf201457ed8ac6245187850aff4ca56a79edbea4829f4e9f14d46fa9a5/numpy-2.3.1-cp313-cp313t-win32.whl", hash = "sha256:6269b9edfe32912584ec496d91b00b6d34282ca1d07eb10e82dfc780907d6c2e", size = 6440678, upload-time = "2025-06-21T12:24:21.596Z" },
    { url = "https://files.pythonhosted.org/packages/f1/7e/7f431d8bd8eb7e03d79294aed238b1b0b174b3148570d03a8a8a8f6a0da9/numpy-2.3.1-cp313-cp313t-win_amd64.whl", hash = "sha256:2a809637460e88a113e186e87f228d74ae2852a2e0c44de275263376f17b5bdc", size = 12870697, upload-time = "2025-06-21T12:24:40.644Z" },
    { url = "https://files.pythonhosted.org/packages/d4/ca/af82bf0fad4c3e573c6930ed743b5308492ff19917c7caaf2f9b6f9e2e98/numpy-2.3.1-cp313-cp313t-win_arm64.whl", hash = "sha256:eccb9a159db9aed60800187bc47a6d3451553f0e1b08b068d8b277ddfbb9b244", size = 10260376, upload-time = "2025-06-21T12:24:56.884Z" },
]

[[package]]
name = "panda3d"
version = "1.10.15"
source = { registry = "https://pypi.org/simple" }
wheels = [
    { url = "https://files.pythonhosted.org/packages/40/cc/431c12cf540d79545ae1ccccc008398729c113014ffa4910ce39de021364/panda3d-1.10.15-cp313-cp313-macosx_10_13_x86_64.whl", hash = "sha256:57eabb76ce244e802b7bce0bff8fa976a762b3a14f69cdccbc7e7ce5d33591cb", size = 67709251, upload-time = "2024-11-08T11:13:47.612Z" },
    { url = "https://files.pythonhosted.org/packages/d1/04/288f594da7553c8eec7a2b804af589ad4a8098f33bb632333aeaa3859cce/panda3d-1.10.15-cp313-cp313-macosx_11_0_universal2.whl", hash = "sha256:2fe3725aa53898ad2d8aef7bad023f8d2bbdc7618867ce123d9f56a9b3be82de", size = 119014322, upload-time = "2024-11-08T11:13:55.343Z" },
    { url = "https://files.pythonhosted.org/packages/4b/68/52c4d1e1a54ecef5a1a29c6fb74a3d268b0272ac4d62efa967db3fc5c672/panda3d-1.10.15-cp313-cp313-manylinux2014_aarch64.whl", hash = "sha256:7f2959545e48c5d7e0b60102d7d09e4d8fb7c41e2256e731270efa5d201fd5d8", size = 49078308, upload-time = "2024-11-08T22:26:49.925Z" },
    { url = "https://files.pythonhosted.org/packages/28/c6/7a10d4862eff79628d1f5a1598349cf195d1a32507d2c254bd58f6da8ff1/panda3d-1.10.15-cp313-cp313-manylinux2014_x86_64.whl", hash = "sha256:202613825dce4889d01cab47ded2a64f8b9f451a6dd9aac5395dbb130ee510e3", size = 54439383, upload-time = "2024-11-08T11:14:02.089Z" },
    { url = "https://files.pythonhosted.org/packages/69/c2/00e52bc46e1b6c2402395376d8bac7cace177d03cccc360ec81154a33750/panda3d-1.10.15-cp313-cp313-win32.whl", hash = "sha256:ffac45e08b17447e1cfa2f1e7ec01e5d4c67b732479c21cba1b0751074ed2820", size = 54688761, upload-time = "2024-11-08T11:14:06.733Z" },
    { url = "https://files.pythonhosted.org/packages/18/bb/b58be7df35d59fc72bba18efe345ce4451e970ca9f693309e47578578bda/panda3d-1.10.15-cp313-cp313-win_amd64.whl", hash = "sha256:81da0be19890802980828dde4c59f920f7e49bb9e6ec02375c899cace8074baf", size = 66266848, upload-time = "2024-11-08T11:14:11.948Z" },
    { url = "https://files.pythonhosted.org/packages/5b/76/e73701c0a87ce67a01aca61743e9295e32712cfad3f7e8ec752add53e86f/panda3d-1.10.15-cp313-cp313t-macosx_10_13_x86_64.whl", hash = "sha256:26d024ef60b4d169c4ae10abbb6ce0bdfd0d5732eb61cc77e257987a06bc635c", size = 70116009, upload-time = "2024-11-08T11:14:18.865Z" },
    { url = "https://files.pythonhosted.org/packages/88/44/8a2a43ef9755a19ba502b3e289e86f28c0fc26ffce4125340c2f7581f2d8/panda3d-1.10.15-cp313-cp313t-macosx_11_0_universal2.whl", hash = "sha256:ca13198b78e4d62ae9d9bfbc8e0fb8ce96d5ce725fa57e9becf69d5f54335f0f", size = 123651610, upload-time = "2024-11-08T11:14:25.828Z" },
    { url = "https://files.pythonhosted.org/packages/cc/75/9684003c98ace58a1994cd5c4ee2bfd7d6c2cc2f78a0e041e45e22ba61ad/panda3d-1.10.15-cp313-cp313t-manylinux2014_aarch64.whl", hash = "sha256:9ad98a3f82443d572ccbfe78ab6ac1c5405b3107e005414fb5fbd2985b81b02f", size = 49499082, upload-time = "2024-11-08T22:26:54.693Z" },
    { url = "https://files.pythonhosted.org/packages/ca/99/4f385683203646e81ad25f1ff880c7d46b2e1843b580bbbeb5a6643ca22d/panda3d-1.10.15-cp313-cp313t-manylinux2014_x86_64.whl", hash = "sha256:db8ad9ff7f48ee1d6b67716124aa8201aa49a92f95b58bb99822208bfbd32a8e", size = 54799011, upload-time = "2024-11-08T11:14:31.397Z" },
    { url = "https://files.pythonhosted.org/packages/40/3e/fde3f06eb2843d9dc4b5cca2ef82888928849215deaeece6ca4be442e1cb/panda3d-1.10.15-cp313-cp313t-win32.whl", hash = "sha256:09f4a52918faa54f53fc523f2f0be84789cbf0432cc380960d8e3e8437b48021", size = 54826671, upload-time = "2024-11-08T11:14:36.186Z" },
    { url = "https://files.pythonhosted.org/packages/1c/f7/318a80225b6785a562b00622db5f7fb2b1f76ab57723908051d1f953d33d/panda3d-1.10.15-cp313-cp313t-win_amd64.whl", hash = "sha256:fa195f2b57a6dd819e81bf13728d00f3973cf4c680245c70d7b669a3317decca", size = 66300865, upload-time = "2024-11-08T11:14:41.995Z" },
]

[[package]]
name = "sparce"
version = "0.1.0"
source = { virtual = "." }
dependencies = [
    { name = "numpy" },
    { name = "panda3d" },
]

[package.metadata]
requires-dist = [
    { name = "numpy", specifier = ">=2.3.1" },
    { name = "panda3d", specifier = ">=1.10.15" },
]
